// !$*UTF8*$!
{
	archiveVersion = 1;
	classes = {
	};
	objectVersion = 56;
	objects = {

/* Begin PBXBuildFile section */
		1AB9153A2BD94645000DFD2E /* BMIBuddyApp.swift in Sources */ = {isa = PBXBuildFile; fileRef = 1AB915392BD94645000DFD2E /* BMIBuddyApp.swift */; };
		1AB9153C2BD94645000DFD2E /* ContentView.swift in Sources */ = {isa = PBXBuildFile; fileRef = 1AB9153B2BD94645000DFD2E /* ContentView.swift */; };
		1AB9153E2BD94649000DFD2E /* Assets.xcassets in Resources */ = {isa = PBXBuildFile; fileRef = 1AB9153D2BD94649000DFD2E /* Assets.xcassets */; };
		1AB915412BD94649000DFD2E /* Preview Assets.xcassets in Resources */ = {isa = PBXBuildFile; fileRef = 1AB915402BD94649000DFD2E /* Preview Assets.xcassets */; };
		1AB9154B2BD94649000DFD2E /* BMIBuddyTests.swift in Sources */ = {isa = PBXBuildFile; fileRef = 1AB9154A2BD94649000DFD2E /* BMIBuddyTests.swift */; };
		1AB915552BD94649000DFD2E /* BMIBuddyUITests.swift in Sources */ = {isa = PBXBuildFile; fileRef = 1AB915542BD94649000DFD2E /* BMIBuddyUITests.swift */; };
		1AB915572BD94649000DFD2E /* BMIBuddyUITestsLaunchTests.swift in Sources */ = {isa = PBXBuildFile; fileRef = 1AB915562BD94649000DFD2E /* BMIBuddyUITestsLaunchTests.swift */; };
/* End PBXBuildFile section */

/* Begin PBXContainerItemProxy section */
		1AB915472BD94649000DFD2E /* PBXContainerItemProxy */ = {
			isa = PBXContainerItemProxy;
			containerPortal = 1AB9152E2BD94645000DFD2E /* Project object */;
			proxyType = 1;
			remoteGlobalIDString = 1AB915352BD94645000DFD2E;
			remoteInfo = BMIBuddy;
		};
		1AB915512BD94649000DFD2E /* PBXContainerItemProxy */ = {
			isa = PBXContainerItemProxy;
			containerPortal = 1AB9152E2BD94645000DFD2E /* Project object */;
			proxyType = 1;
			remoteGlobalIDString = 1AB915352BD94645000DFD2E;
			remoteInfo = BMIBuddy;
		};
/* End PBXContainerItemProxy section */

/* Begin PBXFileReference section */
		1AB915362BD94645000DFD2E /* BMIBuddy.app */ = {isa = PBXFileReference; explicitFileType = wrapper.application; includeInIndex = 0; path = BMIBuddy.app; sourceTree = BUILT_PRODUCTS_DIR; };
		1AB915392BD94645000DFD2E /* BMIBuddyApp.swift */ = {isa = PBXFileReference; lastKnownFileType = sourcecode.swift; path = BMIBuddyApp.swift; sourceTree = "<group>"; };
		1AB9153B2BD94645000DFD2E /* ContentView.swift */ = {isa = PBXFileReference; lastKnownFileType = sourcecode.swift; path = ContentView.swift; sourceTree = "<group>"; };
		1AB9153D2BD94649000DFD2E /* Assets.xcassets */ = {isa = PBXFileReference; lastKnownFileType = folder.assetcatalog; path = Assets.xcassets; sourceTree = "<group>"; };
		1AB915402BD94649000DFD2E /* Preview Assets.xcassets */ = {isa = PBXFileReference; lastKnownFileType = folder.assetcatalog; path = "Preview Assets.xcassets"; sourceTree = "<group>"; };
		1AB915462BD94649000DFD2E /* BMIBuddyTests.xctest */ = {isa = PBXFileReference; explicitFileType = wrapper.cfbundle; includeInIndex = 0; path = BMIBuddyTests.xctest; sourceTree = BUILT_PRODUCTS_DIR; };
		1AB9154A2BD94649000DFD2E /* BMIBuddyTests.swift */ = {isa = PBXFileReference; lastKnownFileType = sourcecode.swift; path = BMIBuddyTests.swift; sourceTree = "<group>"; };
		1AB915502BD94649000DFD2E /* BMIBuddyUITests.xctest */ = {isa = PBXFileReference; explicitFileType = wrapper.cfbundle; includeInIndex = 0; path = BMIBuddyUITests.xctest; sourceTree = BUILT_PRODUCTS_DIR; };
		1AB915542BD94649000DFD2E /* BMIBuddyUITests.swift */ = {isa = PBXFileReference; lastKnownFileType = sourcecode.swift; path = BMIBuddyUITests.swift; sourceTree = "<group>"; };
		1AB915562BD94649000DFD2E /* BMIBuddyUITestsLaunchTests.swift */ = {isa = PBXFileReference; lastKnownFileType = sourcecode.swift; path = BMIBuddyUITestsLaunchTests.swift; sourceTree = "<group>"; };
/* End PBXFileReference section */

/* Begin PBXFrameworksBuildPhase section */
		1AB915332BD94645000DFD2E /* Frameworks */ = {
			isa = PBXFrameworksBuildPhase;
			buildActionMask = 2147483647;
			files = (
			);
			runOnlyForDeploymentPostprocessing = 0;
		};
		1AB915432BD94649000DFD2E /* Frameworks */ = {
			isa = PBXFrameworksBuildPhase;
			buildActionMask = 2147483647;
			files = (
			);
			runOnlyForDeploymentPostprocessing = 0;
		};
		1AB9154D2BD94649000DFD2E /* Frameworks */ = {
			isa = PBXFrameworksBuildPhase;
			buildActionMask = 2147483647;
			files = (
			);
			runOnlyForDeploymentPostprocessing = 0;
		};
/* End PBXFrameworksBuildPhase section */

/* Begin PBXGroup section */
		1AB9152D2BD94645000DFD2E = {
			isa = PBXGroup;
			children = (
				1AB915382BD94645000DFD2E /* BMIBuddy */,
				1AB915492BD94649000DFD2E /* BMIBuddyTests */,
				1AB915532BD94649000DFD2E /* BMIBuddyUITests */,
				1AB915372BD94645000DFD2E /* Products */,
			);
			sourceTree = "<group>";
		};
		1AB915372BD94645000DFD2E /* Products */ = {
			isa = PBXGroup;
			children = (
				1AB915362BD94645000DFD2E /* BMIBuddy.app */,
				1AB915462BD94649000DFD2E /* BMIBuddyTests.xctest */,
				1AB915502BD94649000DFD2E /* BMIBuddyUITests.xctest */,
			);
			name = Products;
			sourceTree = "<group>";
		};
		1AB915382BD94645000DFD2E /* BMIBuddy */ = {
			isa = PBXGroup;
			children = (
				1AB915392BD94645000DFD2E /* BMIBuddyApp.swift */,
				1AB9153B2BD94645000DFD2E /* ContentView.swift */,
				1AB9153D2BD94649000DFD2E /* Assets.xcassets */,
				1AB9153F2BD94649000DFD2E /* Preview Content */,
			);
			path = BMIBuddy;
			sourceTree = "<group>";
		};
		1AB9153F2BD94649000DFD2E /* Preview Content */ = {
			isa = PBXGroup;
			children = (
				1AB915402BD94649000DFD2E /* Preview Assets.xcassets */,
			);
			path = "Preview Content";
			sourceTree = "<group>";
		};
		1AB915492BD94649000DFD2E /* BMIBuddyTests */ = {
			isa = PBXGroup;
			children = (
				1AB9154A2BD94649000DFD2E /* BMIBuddyTests.swift */,
			);
			path = BMIBuddyTests;
			sourceTree = "<group>";
		};
		1AB915532BD94649000DFD2E /* BMIBuddyUITests */ = {
			isa = PBXGroup;
			children = (
				1AB915542BD94649000DFD2E /* BMIBuddyUITests.swift */,
				1AB915562BD94649000DFD2E /* BMIBuddyUITestsLaunchTests.swift */,
			);
			path = BMIBuddyUITests;
			sourceTree = "<group>";
		};
/* End PBXGroup section */

/* Begin PBXNativeTarget section */
		1AB915352BD94645000DFD2E /* BMIBuddy */ = {
			isa = PBXNativeTarget;
			buildConfigurationList = 1AB9155A2BD94649000DFD2E /* Build configuration list for PBXNativeTarget "BMIBuddy" */;
			buildPhases = (
				1AB915322BD94645000DFD2E /* Sources */,
				1AB915332BD94645000DFD2E /* Frameworks */,
				1AB915342BD94645000DFD2E /* Resources */,
			);
			buildRules = (
			);
			dependencies = (
			);
			name = BMIBuddy;
			productName = BMIBuddy;
			productReference = 1AB915362BD94645000DFD2E /* BMIBuddy.app */;
			productType = "com.apple.product-type.application";
		};
		1AB915452BD94649000DFD2E /* BMIBuddyTests */ = {
			isa = PBXNativeTarget;
			buildConfigurationList = 1AB9155D2BD94649000DFD2E /* Build configuration list for PBXNativeTarget "BMIBuddyTests" */;
			buildPhases = (
				1AB915422BD94649000DFD2E /* Sources */,
				1AB915432BD94649000DFD2E /* Frameworks */,
				1AB915442BD94649000DFD2E /* Resources */,
			);
			buildRules = (
			);
			dependencies = (
				1AB915482BD94649000DFD2E /* PBXTargetDependency */,
			);
			name = BMIBuddyTests;
			productName = BMIBuddyTests;
			productReference = 1AB915462BD94649000DFD2E /* BMIBuddyTests.xctest */;
			productType = "com.apple.product-type.bundle.unit-test";
		};
		1AB9154F2BD94649000DFD2E /* BMIBuddyUITests */ = {
			isa = PBXNativeTarget;
			buildConfigurationList = 1AB915602BD94649000DFD2E /* Build configuration list for PBXNativeTarget "BMIBuddyUITests" */;
			buildPhases = (
				1AB9154C2BD94649000DFD2E /* Sources */,
				1AB9154D2BD94649000DFD2E /* Frameworks */,
				1AB9154E2BD94649000DFD2E /* Resources */,
			);
			buildRules = (
			);
			dependencies = (
				1AB915522BD94649000DFD2E /* PBXTargetDependency */,
			);
			name = BMIBuddyUITests;
			productName = BMIBuddyUITests;
			productReference = 1AB915502BD94649000DFD2E /* BMIBuddyUITests.xctest */;
			productType = "com.apple.product-type.bundle.ui-testing";
		};
/* End PBXNativeTarget section */

/* Begin PBXProject section */
		1AB9152E2BD94645000DFD2E /* Project object */ = {
			isa = PBXProject;
			attributes = {
				BuildIndependentTargetsInParallel = 1;
				LastSwiftUpdateCheck = 1520;
				LastUpgradeCheck = 1520;
				TargetAttributes = {
					1AB915352BD94645000DFD2E = {
						CreatedOnToolsVersion = 15.2;
					};
					1AB915452BD94649000DFD2E = {
						CreatedOnToolsVersion = 15.2;
						TestTargetID = 1AB915352BD94645000DFD2E;
					};
					1AB9154F2BD94649000DFD2E = {
						CreatedOnToolsVersion = 15.2;
						TestTargetID = 1AB915352BD94645000DFD2E;
					};
				};
			};
			buildConfigurationList = 1AB915312BD94645000DFD2E /* Build configuration list for PBXProject "BMIBuddy" */;
			compatibilityVersion = "Xcode 14.0";
			developmentRegion = en;
			hasScannedForEncodings = 0;
			knownRegions = (
				en,
				Base,
			);
			mainGroup = 1AB9152D2BD94645000DFD2E;
			productRefGroup = 1AB915372BD94645000DFD2E /* Products */;
			projectDirPath = "";
			projectRoot = "";
			targets = (
				1AB915352BD94645000DFD2E /* BMIBuddy */,
				1AB915452BD94649000DFD2E /* BMIBuddyTests */,
				1AB9154F2BD94649000DFD2E /* BMIBuddyUITests */,
			);
		};
/* End PBXProject section */

/* Begin PBXResourcesBuildPhase section */
		1AB915342BD94645000DFD2E /* Resources */ = {
			isa = PBXResourcesBuildPhase;
			buildActionMask = 2147483647;
			files = (
				1AB915412BD94649000DFD2E /* Preview Assets.xcassets in Resources */,
				1AB9153E2BD94649000DFD2E /* Assets.xcassets in Resources */,
			);
			runOnlyForDeploymentPostprocessing = 0;
		};
		1AB915442BD94649000DFD2E /* Resources */ = {
			isa = PBXResourcesBuildPhase;
			buildActionMask = 2147483647;
			files = (
			);
			runOnlyForDeploymentPostprocessing = 0;
		};
		1AB9154E2BD94649000DFD2E /* Resources */ = {
			isa = PBXResourcesBuildPhase;
			buildActionMask = 2147483647;
			files = (
			);
			runOnlyForDeploymentPostprocessing = 0;
		};
/* End PBXResourcesBuildPhase section */

/* Begin PBXSourcesBuildPhase section */
		1AB915322BD94645000DFD2E /* Sources */ = {
			isa = PBXSourcesBuildPhase;
			buildActionMask = 2147483647;
			files = (
				1AB9153C2BD94645000DFD2E /* ContentView.swift in Sources */,
				1AB9153A2BD94645000DFD2E /* BMIBuddyApp.swift in Sources */,
			);
			runOnlyForDeploymentPostprocessing = 0;
		};
		1AB915422BD94649000DFD2E /* Sources */ = {
			isa = PBXSourcesBuildPhase;
			buildActionMask = 2147483647;
			files = (
				1AB9154B2BD94649000DFD2E /* BMIBuddyTests.swift in Sources */,
			);
			runOnlyForDeploymentPostprocessing = 0;
		};
		1AB9154C2BD94649000DFD2E /* Sources */ = {
			isa = PBXSourcesBuildPhase;
			buildActionMask = 2147483647;
			files = (
				1AB915572BD94649000DFD2E /* BMIBuddyUITestsLaunchTests.swift in Sources */,
				1AB915552BD94649000DFD2E /* BMIBuddyUITests.swift in Sources */,
			);
			runOnlyForDeploymentPostprocessing = 0;
		};
/* End PBXSourcesBuildPhase section */

/* Begin PBXTargetDependency section */
		1AB915482BD94649000DFD2E /* PBXTargetDependency */ = {
			isa = PBXTargetDependency;
			target = 1AB915352BD94645000DFD2E /* BMIBuddy */;
			targetProxy = 1AB915472BD94649000DFD2E /* PBXContainerItemProxy */;
		};
		1AB915522BD94649000DFD2E /* PBXTargetDependency */ = {
			isa = PBXTargetDependency;
			target = 1AB915352BD94645000DFD2E /* BMIBuddy */;
			targetProxy = 1AB915512BD94649000DFD2E /* PBXContainerItemProxy */;
		};
/* End PBXTargetDependency section */

/* Begin XCBuildConfiguration section */
		1AB915582BD94649000DFD2E /* Debug */ = {
			isa = XCBuildConfiguration;
			buildSettings = {
				ALWAYS_SEARCH_USER_PATHS = NO;
				ASSETCATALOG_COMPILER_GENERATE_SWIFT_ASSET_SYMBOL_EXTENSIONS = YES;
				CLANG_ANALYZER_NONNULL = YES;
				CLANG_ANALYZER_NUMBER_OBJECT_CONVERSION = YES_AGGRESSIVE;
				CLANG_CXX_LANGUAGE_STANDARD = "gnu++20";
				CLANG_ENABLE_MODULES = YES;
				CLANG_ENABLE_OBJC_ARC = YES;
				CLANG_ENABLE_OBJC_WEAK = YES;
				CLANG_WARN_BLOCK_CAPTURE_AUTORELEASING = YES;
				CLANG_WARN_BOOL_CONVERSION = YES;
				CLANG_WARN_COMMA = YES;
				CLANG_WARN_CONSTANT_CONVERSION = YES;
				CLANG_WARN_DEPRECATED_OBJC_IMPLEMENTATIONS = YES;
				CLANG_WARN_DIRECT_OBJC_ISA_USAGE = YES_ERROR;
				CLANG_WARN_DOCUMENTATION_COMMENTS = YES;
				CLANG_WARN_EMPTY_BODY = YES;
				CLANG_WARN_ENUM_CONVERSION = YES;
				CLANG_WARN_INFINITE_RECURSION = YES;
				CLANG_WARN_INT_CONVERSION = YES;
				CLANG_WARN_NON_LITERAL_NULL_CONVERSION = YES;
				CLANG_WARN_OBJC_IMPLICIT_RETAIN_SELF = YES;
				CLANG_WARN_OBJC_LITERAL_CONVERSION = YES;
				CLANG_WARN_OBJC_ROOT_CLASS = YES_ERROR;
				CLANG_WARN_QUOTED_INCLUDE_IN_FRAMEWORK_HEADER = YES;
				CLANG_WARN_RANGE_LOOP_ANALYSIS = YES;
				CLANG_WARN_STRICT_PROTOTYPES = YES;
				CLANG_WARN_SUSPICIOUS_MOVE = YES;
				CLANG_WARN_UNGUARDED_AVAILABILITY = YES_AGGRESSIVE;
				CLANG_WARN_UNREACHABLE_CODE = YES;
				CLANG_WARN__DUPLICATE_METHOD_MATCH = YES;
				COPY_PHASE_STRIP = NO;
				DEBUG_INFORMATION_FORMAT = dwarf;
				ENABLE_STRICT_OBJC_MSGSEND = YES;
				ENABLE_TESTABILITY = YES;
				ENABLE_USER_SCRIPT_SANDBOXING = YES;
				GCC_C_LANGUAGE_STANDARD = gnu17;
				GCC_DYNAMIC_NO_PIC = NO;
				GCC_NO_COMMON_BLOCKS = YES;
				GCC_OPTIMIZATION_LEVEL = 0;
				GCC_PREPROCESSOR_DEFINITIONS = (
					"DEBUG=1",
					"$(inherited)",
				);
				GCC_WARN_64_TO_32_BIT_CONVERSION = YES;
				GCC_WARN_ABOUT_RETURN_TYPE = YES_ERROR;
				GCC_WARN_UNDECLARED_SELECTOR = YES;
				GCC_WARN_UNINITIALIZED_AUTOS = YES_AGGRESSIVE;
				GCC_WARN_UNUSED_FUNCTION = YES;
				GCC_WARN_UNUSED_VARIABLE = YES;
				IPHONEOS_DEPLOYMENT_TARGET = 17.2;
				LOCALIZATION_PREFERS_STRING_CATALOGS = YES;
				MTL_ENABLE_DEBUG_INFO = INCLUDE_SOURCE;
				MTL_FAST_MATH = YES;
				ONLY_ACTIVE_ARCH = YES;
				SDKROOT = iphoneos;
				SWIFT_ACTIVE_COMPILATION_CONDITIONS = "DEBUG $(inherited)";
				SWIFT_OPTIMIZATION_LEVEL = "-Onone";
			};
			name = Debug;
		};
		1AB915592BD94649000DFD2E /* Release */ = {
			isa = XCBuildConfiguration;
			buildSettings = {
				ALWAYS_SEARCH_USER_PATHS = NO;
				ASSETCATALOG_COMPILER_GENERATE_SWIFT_ASSET_SYMBOL_EXTENSIONS = YES;
				CLANG_ANALYZER_NONNULL = YES;
				CLANG_ANALYZER_NUMBER_OBJECT_CONVERSION = YES_AGGRESSIVE;
				CLANG_CXX_LANGUAGE_STANDARD = "gnu++20";
				CLANG_ENABLE_MODULES = YES;
				CLANG_ENABLE_OBJC_ARC = YES;
				CLANG_ENABLE_OBJC_WEAK = YES;
				CLANG_WARN_BLOCK_CAPTURE_AUTORELEASING = YES;
				CLANG_WARN_BOOL_CONVERSION = YES;
				CLANG_WARN_COMMA = YES;
				CLANG_WARN_CONSTANT_CONVERSION = YES;
				CLANG_WARN_DEPRECATED_OBJC_IMPLEMENTATIONS = YES;
				CLANG_WARN_DIRECT_OBJC_ISA_USAGE = YES_ERROR;
				CLANG_WARN_DOCUMENTATION_COMMENTS = YES;
				CLANG_WARN_EMPTY_BODY = YES;
				CLANG_WARN_ENUM_CONVERSION = YES;
				CLANG_WARN_INFINITE_RECURSION = YES;
				CLANG_WARN_INT_CONVERSION = YES;
				CLANG_WARN_NON_LITERAL_NULL_CONVERSION = YES;
				CLANG_WARN_OBJC_IMPLICIT_RETAIN_SELF = YES;
				CLANG_WARN_OBJC_LITERAL_CONVERSION = YES;
				CLANG_WARN_OBJC_ROOT_CLASS = YES_ERROR;
				CLANG_WARN_QUOTED_INCLUDE_IN_FRAMEWORK_HEADER = YES;
				CLANG_WARN_RANGE_LOOP_ANALYSIS = YES;
				CLANG_WARN_STRICT_PROTOTYPES = YES;
				CLANG_WARN_SUSPICIOUS_MOVE = YES;
				CLANG_WARN_UNGUARDED_AVAILABILITY = YES_AGGRESSIVE;
				CLANG_WARN_UNREACHABLE_CODE = YES;
				CLANG_WARN__DUPLICATE_METHOD_MATCH = YES;
				COPY_PHASE_STRIP = NO;
				DEBUG_INFORMATION_FORMAT = "dwarf-with-dsym";
				ENABLE_NS_ASSERTIONS = NO;
				ENABLE_STRICT_OBJC_MSGSEND = YES;
				ENABLE_USER_SCRIPT_SANDBOXING = YES;
				GCC_C_LANGUAGE_STANDARD = gnu17;
				GCC_NO_COMMON_BLOCKS = YES;
				GCC_WARN_64_TO_32_BIT_CONVERSION = YES;
				GCC_WARN_ABOUT_RETURN_TYPE = YES_ERROR;
				GCC_WARN_UNDECLARED_SELECTOR = YES;
				GCC_WARN_UNINITIALIZED_AUTOS = YES_AGGRESSIVE;
				GCC_WARN_UNUSED_FUNCTION = YES;
				GCC_WARN_UNUSED_VARIABLE = YES;
				IPHONEOS_DEPLOYMENT_TARGET = 17.2;
				LOCALIZATION_PREFERS_STRING_CATALOGS = YES;
				MTL_ENABLE_DEBUG_INFO = NO;
				MTL_FAST_MATH = YES;
				SDKROOT = iphoneos;
				SWIFT_COMPILATION_MODE = wholemodule;
				VALIDATE_PRODUCT = YES;
			};
			name = Release;
		};
		1AB9155B2BD94649000DFD2E /* Debug */ = {
			isa = XCBuildConfiguration;
			buildSettings = {
				ASSETCATALOG_COMPILER_APPICON_NAME = AppIcon;
				ASSETCATALOG_COMPILER_GLOBAL_ACCENT_COLOR_NAME = AccentColor;
				CODE_SIGN_STYLE = Automatic;
				CURRENT_PROJECT_VERSION = 1;
				DEVELOPMENT_ASSET_PATHS = "\"BMIBuddy/Preview Content\"";
				ENABLE_PREVIEWS = YES;
				GENERATE_INFOPLIST_FILE = YES;
				INFOPLIST_KEY_UIApplicationSceneManifest_Generation = YES;
				INFOPLIST_KEY_UIApplicationSupportsIndirectInputEvents = YES;
				INFOPLIST_KEY_UILaunchScreen_Generation = YES;
				INFOPLIST_KEY_UISupportedInterfaceOrientations_iPad = "UIInterfaceOrientationPortrait UIInterfaceOrientationPortraitUpsideDown UIInterfaceOrientationLandscapeLeft UIInterfaceOrientationLandscapeRight";
				INFOPLIST_KEY_UISupportedInterfaceOrientations_iPhone = "UIInterfaceOrientationPortrait UIInterfaceOrientationLandscapeLeft UIInterfaceOrientationLandscapeRight";
				LD_RUNPATH_SEARCH_PATHS = (
					"$(inherited)",
					"@executable_path/Frameworks",
				);
				MARKETING_VERSION = 1.0;
				PRODUCT_BUNDLE_IDENTIFIER = Vanessa.BMIBuddy;
				PRODUCT_NAME = "$(TARGET_NAME)";
				SWIFT_EMIT_LOC_STRINGS = YES;
				SWIFT_VERSION = 5.0;
				TARGETED_DEVICE_FAMILY = "1,2";
			};
			name = Debug;
		};
		1AB9155C2BD94649000DFD2E /* Release */ = {
			isa = XCBuildConfiguration;
			buildSettings = {
				ASSETCATALOG_COMPILER_APPICON_NAME = AppIcon;
				ASSETCATALOG_COMPILER_GLOBAL_ACCENT_COLOR_NAME = AccentColor;
				CODE_SIGN_STYLE = Automatic;
				CURRENT_PROJECT_VERSION = 1;
				DEVELOPMENT_ASSET_PATHS = "\"BMIBuddy/Preview Content\"";
				ENABLE_PREVIEWS = YES;
				GENERATE_INFOPLIST_FILE = YES;
				INFOPLIST_KEY_UIApplicationSceneManifest_Generation = YES;
				INFOPLIST_KEY_UIApplicationSupportsIndirectInputEvents = YES;
				INFOPLIST_KEY_UILaunchScreen_Generation = YES;
				INFOPLIST_KEY_UISupportedInterfaceOrientations_iPad = "UIInterfaceOrientationPortrait UIInterfaceOrientationPortraitUpsideDown UIInterfaceOrientationLandscapeLeft UIInterfaceOrientationLandscapeRight";
				INFOPLIST_KEY_UISupportedInterfaceOrientations_iPhone = "UIInterfaceOrientationPortrait UIInterfaceOrientationLandscapeLeft UIInterfaceOrientationLandscapeRight";
				LD_RUNPATH_SEARCH_PATHS = (
					"$(inherited)",
					"@executable_path/Frameworks",
				);
				MARKETING_VERSION = 1.0;
				PRODUCT_BUNDLE_IDENTIFIER = Vanessa.BMIBuddy;
				PRODUCT_NAME = "$(TARGET_NAME)";
				SWIFT_EMIT_LOC_STRINGS = YES;
				SWIFT_VERSION = 5.0;
				TARGETED_DEVICE_FAMILY = "1,2";
			};
			name = Release;
		};
		1AB9155E2BD94649000DFD2E /* Debug */ = {
			isa = XCBuildConfiguration;
			buildSettings = {
				ALWAYS_EMBED_SWIFT_STANDARD_LIBRARIES = YES;
				BUNDLE_LOADER = "$(TEST_HOST)";
				CODE_SIGN_STYLE = Automatic;
				CURRENT_PROJECT_VERSION = 1;
				GENERATE_INFOPLIST_FILE = YES;
				IPHONEOS_DEPLOYMENT_TARGET = 17.2;
				MARKETING_VERSION = 1.0;
				PRODUCT_BUNDLE_IDENTIFIER = Vanessa.BMIBuddyTests;
				PRODUCT_NAME = "$(TARGET_NAME)";
				SWIFT_EMIT_LOC_STRINGS = NO;
				SWIFT_VERSION = 5.0;
				TARGETED_DEVICE_FAMILY = "1,2";
				TEST_HOST = "$(BUILT_PRODUCTS_DIR)/BMIBuddy.app/$(BUNDLE_EXECUTABLE_FOLDER_PATH)/BMIBuddy";
			};
			name = Debug;
		};
		1AB9155F2BD94649000DFD2E /* Release */ = {
			isa = XCBuildConfiguration;
			buildSettings = {
				ALWAYS_EMBED_SWIFT_STANDARD_LIBRARIES = YES;
				BUNDLE_LOADER = "$(TEST_HOST)";
				CODE_SIGN_STYLE = Automatic;
				CURRENT_PROJECT_VERSION = 1;
				GENERATE_INFOPLIST_FILE = YES;
				IPHONEOS_DEPLOYMENT_TARGET = 17.2;
				MARKETING_VERSION = 1.0;
				PRODUCT_BUNDLE_IDENTIFIER = Vanessa.BMIBuddyTests;
				PRODUCT_NAME = "$(TARGET_NAME)";
				SWIFT_EMIT_LOC_STRINGS = NO;
				SWIFT_VERSION = 5.0;
				TARGETED_DEVICE_FAMILY = "1,2";
				TEST_HOST = "$(BUILT_PRODUCTS_DIR)/BMIBuddy.app/$(BUNDLE_EXECUTABLE_FOLDER_PATH)/BMIBuddy";
			};
			name = Release;
		};
		1AB915612BD94649000DFD2E /* Debug */ = {
			isa = XCBuildConfiguration;
			buildSettings = {
				ALWAYS_EMBED_SWIFT_STANDARD_LIBRARIES = YES;
				CODE_SIGN_STYLE = Automatic;
				CURRENT_PROJECT_VERSION = 1;
				GENERATE_INFOPLIST_FILE = YES;
				MARKETING_VERSION = 1.0;
				PRODUCT_BUNDLE_IDENTIFIER = Vanessa.BMIBuddyUITests;
				PRODUCT_NAME = "$(TARGET_NAME)";
				SWIFT_EMIT_LOC_STRINGS = NO;
				SWIFT_VERSION = 5.0;
				TARGETED_DEVICE_FAMILY = "1,2";
				TEST_TARGET_NAME = BMIBuddy;
			};
			name = Debug;
		};
		1AB915622BD94649000DFD2E /* Release */ = {
			isa = XCBuildConfiguration;
			buildSettings = {
				ALWAYS_EMBED_SWIFT_STANDARD_LIBRARIES = YES;
				CODE_SIGN_STYLE = Automatic;
				CURRENT_PROJECT_VERSION = 1;
				GENERATE_INFOPLIST_FILE = YES;
				MARKETING_VERSION = 1.0;
				PRODUCT_BUNDLE_IDENTIFIER = Vanessa.BMIBuddyUITests;
				PRODUCT_NAME = "$(TARGET_NAME)";
				SWIFT_EMIT_LOC_STRINGS = NO;
				SWIFT_VERSION = 5.0;
				TARGETED_DEVICE_FAMILY = "1,2";
				TEST_TARGET_NAME = BMIBuddy;
			};
			name = Release;
		};
/* End XCBuildConfiguration section */

/* Begin XCConfigurationList section */
		1AB915312BD94645000DFD2E /* Build configuration list for PBXProject "BMIBuddy" */ = {
			isa = XCConfigurationList;
			buildConfigurations = (
				1AB915582BD94649000DFD2E /* Debug */,
				1AB915592BD94649000DFD2E /* Release */,
			);
			defaultConfigurationIsVisible = 0;
			defaultConfigurationName = Release;
		};
		1AB9155A2BD94649000DFD2E /* Build configuration list for PBXNativeTarget "BMIBuddy" */ = {
			isa = XCConfigurationList;
			buildConfigurations = (
				1AB9155B2BD94649000DFD2E /* Debug */,
				1AB9155C2BD94649000DFD2E /* Release */,
			);
			defaultConfigurationIsVisible = 0;
			defaultConfigurationName = Release;
		};
		1AB9155D2BD94649000DFD2E /* Build configuration list for PBXNativeTarget "BMIBuddyTests" */ = {
			isa = XCConfigurationList;
			buildConfigurations = (
				1AB9155E2BD94649000DFD2E /* Debug */,
				1AB9155F2BD94649000DFD2E /* Release */,
			);
			defaultConfigurationIsVisible = 0;
			defaultConfigurationName = Release;
		};
		1AB915602BD94649000DFD2E /* Build configuration list for PBXNativeTarget "BMIBuddyUITests" */ = {
			isa = XCConfigurationList;
			buildConfigurations = (
				1AB915612BD94649000DFD2E /* Debug */,
				1AB915622BD94649000DFD2E /* Release */,
			);
			defaultConfigurationIsVisible = 0;
			defaultConfigurationName = Release;
		};
/* End XCConfigurationList section */
	};
	rootObject = 1AB9152E2BD94645000DFD2E /* Project object */;
}
